
Microsoft Visual Studio Solution File, Format Version 12.00
# Visual Studio Version 17
VisualStudioVersion = 17.8.34330.188
MinimumVisualStudioVersion = 10.0.40219.1
Project("{8BC9CEB8-8B4A-11D0-8D11-00A0C91BC942}") = "Assignment1", "Assignment1.vcxproj", "{EE8FBDA6-8A62-466E-8FD4-316BD6153FB4}"
EndProject
Global
	GlobalSection(SolutionConfigurationPlatforms) = preSolution
		Debug|x64 = Debug|x64
		Debug|x86 = Debug|x86
		Release|x64 = Release|x64
		Release|x86 = Release|x86
	EndGlobalSection
	GlobalSection(ProjectConfigurationPlatforms) = postSolution
		{EE8FBDA6-8A62-466E-8FD4-316BD6153FB4}.Debug|x64.ActiveCfg = Debug|x64
		{EE8FBDA6-8A62-466E-8FD4-316BD6153FB4}.Debug|x64.Build.0 = Debug|x64
		{EE8FBDA6-8A62-466E-8FD4-316BD6153FB4}.Debug|x86.ActiveCfg = Debug|Win32
		{EE8FBDA6-8A62-466E-8FD4-316BD6153FB4}.Debug|x86.Build.0 = Debug|Win32
		{EE8FBDA6-8A62-466E-8FD4-316BD6153FB4}.Release|x64.ActiveCfg = Release|x64
		{EE8FBDA6-8A62-466E-8FD4-316BD6153FB4}.Release|x64.Build.0 = Release|x64
		{EE8FBDA6-8A62-466E-8FD4-316BD6153FB4}.Release|x86.ActiveCfg = Release|Win32
		{EE8FBDA6-8A62-466E-8FD4-316BD6153FB4}.Release|x86.Build.0 = Release|Win32
	EndGlobalSection
	GlobalSection(SolutionProperties) = preSolution
		HideSolutionNode = FALSE
	EndGlobalSection
	GlobalSection(ExtensibilityGlobals) = postSolution
		SolutionGuid = {80BD0B24-392B-4A99-AEEA-BAFCDFABDFE7}
	EndGlobalSection
EndGlobal
