
Microsoft Visual Studio Solution File, Format Version 12.00
# Visual Studio Version 17
VisualStudioVersion = 17.8.34330.188
MinimumVisualStudioVersion = 10.0.40219.1
Project("{8BC9CEB8-8B4A-11D0-8D11-00A0C91BC942}") = "GAME1011_Week2Lab", "GAME1011_Week2Lab.vcxproj", "{AECC17BD-574C-44DD-BDC4-0DC51A37C401}"
EndProject
Global
	GlobalSection(SolutionConfigurationPlatforms) = preSolution
		Debug|x64 = Debug|x64
		Debug|x86 = Debug|x86
		Release|x64 = Release|x64
		Release|x86 = Release|x86
	EndGlobalSection
	GlobalSection(ProjectConfigurationPlatforms) = postSolution
		{AECC17BD-574C-44DD-BDC4-0DC51A37C401}.Debug|x64.ActiveCfg = Debug|x64
		{AECC17BD-574C-44DD-BDC4-0DC51A37C401}.Debug|x64.Build.0 = Debug|x64
		{AECC17BD-574C-44DD-BDC4-0DC51A37C401}.Debug|x86.ActiveCfg = Debug|Win32
		{AECC17BD-574C-44DD-BDC4-0DC51A37C401}.Debug|x86.Build.0 = Debug|Win32
		{AECC17BD-574C-44DD-BDC4-0DC51A37C401}.Release|x64.ActiveCfg = Release|x64
		{AECC17BD-574C-44DD-BDC4-0DC51A37C401}.Release|x64.Build.0 = Release|x64
		{AECC17BD-574C-44DD-BDC4-0DC51A37C401}.Release|x86.ActiveCfg = Release|Win32
		{AECC17BD-574C-44DD-BDC4-0DC51A37C401}.Release|x86.Build.0 = Release|Win32
	EndGlobalSection
	GlobalSection(SolutionProperties) = preSolution
		HideSolutionNode = FALSE
	EndGlobalSection
	GlobalSection(ExtensibilityGlobals) = postSolution
		SolutionGuid = {058C2454-FF69-49E2-84C0-F76397978176}
	EndGlobalSection
EndGlobal
